
Microsoft Visual Studio Solution File, Format Version 12.00
# Visual Studio Version 17
VisualStudioVersion = 17.10.35013.160
MinimumVisualStudioVersion = 10.0.40219.1
Project("{FAE04EC0-301F-11D3-BF4B-00C04F79EFBC}") = "Library", "Library\Library.csproj", "{63E818D2-C210-4572-8963-C7D09A17C9EB}"
EndProject
Global
	GlobalSection(SolutionConfigurationPlatforms) = preSolution
		Debug|Any CPU = Debug|Any CPU
		Release|Any CPU = Release|Any CPU
	EndGlobalSection
	GlobalSection(ProjectConfigurationPlatforms) = postSolution
		{63E818D2-C210-4572-8963-C7D09A17C9EB}.Debug|Any CPU.ActiveCfg = Debug|Any CPU
		{63E818D2-C210-4572-8963-C7D09A17C9EB}.Debug|Any CPU.Build.0 = Debug|Any CPU
		{63E818D2-C210-4572-8963-C7D09A17C9EB}.Release|Any CPU.ActiveCfg = Release|Any CPU
		{63E818D2-C210-4572-8963-C7D09A17C9EB}.Release|Any CPU.Build.0 = Release|Any CPU
	EndGlobalSection
	GlobalSection(SolutionProperties) = preSolution
		HideSolutionNode = FALSE
	EndGlobalSection
	GlobalSection(ExtensibilityGlobals) = postSolution
		SolutionGuid = {30740A25-8129-48FD-A5B8-73EDEA8C5768}
	EndGlobalSection
EndGlobal
